
Microsoft Visual Studio Solution File, Format Version 12.00
# Visual Studio Version 17
VisualStudioVersion = 17.8.34309.116
MinimumVisualStudioVersion = 10.0.40219.1
Project("{FAE04EC0-301F-11D3-BF4B-00C04F79EFBC}") = "LMS_VIKO_Nojus_Rascius_PI22A", "LMS_VIKO_Nojus_Rascius_PI22A\LMS_VIKO_Nojus_Rascius_PI22A.csproj", "{62DBCF88-9650-4FFA-A7C5-67179E7354B1}"
EndProject
Global
	GlobalSection(SolutionConfigurationPlatforms) = preSolution
		Debug|Any CPU = Debug|Any CPU
		Release|Any CPU = Release|Any CPU
	EndGlobalSection
	GlobalSection(ProjectConfigurationPlatforms) = postSolution
		{62DBCF88-9650-4FFA-A7C5-67179E7354B1}.Debug|Any CPU.ActiveCfg = Debug|Any CPU
		{62DBCF88-9650-4FFA-A7C5-67179E7354B1}.Debug|Any CPU.Build.0 = Debug|Any CPU
		{62DBCF88-9650-4FFA-A7C5-67179E7354B1}.Release|Any CPU.ActiveCfg = Release|Any CPU
		{62DBCF88-9650-4FFA-A7C5-67179E7354B1}.Release|Any CPU.Build.0 = Release|Any CPU
	EndGlobalSection
	GlobalSection(SolutionProperties) = preSolution
		HideSolutionNode = FALSE
	EndGlobalSection
	GlobalSection(ExtensibilityGlobals) = postSolution
		SolutionGuid = {D3961539-E65B-4F9C-874B-3BCB150D2ACB}
	EndGlobalSection
EndGlobal
